# Generated by pub
# See https://dart.dev/tools/pub/glossary#lockfile
packages:
  http_server:
    dependency: "direct main"
    description:
      name: http_server
      url: "https://pub.flutter-io.cn"
    source: hosted
    version: "0.9.8+3"
  koa_router:
    dependency: "direct main"
    description:
      path: "../koa_router"
      relative: true
    source: path
    version: "0.0.1"
  mime:
    dependency: "direct main"
    description:
      name: mime
      url: "https://pub.flutter-io.cn"
    source: hosted
    version: "0.9.6+3"
  path:
    dependency: transitive
    description:
      name: path
      url: "https://pub.flutter-io.cn"
    source: hosted
    version: "1.6.4"
  path_to_regexp:
    dependency: transitive
    description:
      name: path_to_regexp
      url: "https://pub.flutter-io.cn"
    source: hosted
    version: "0.2.1"
sdks:
  dart: ">=2.3.0 <3.0.0"
